{
  "name": "test-rive",
  "lockfileVersion": 3,
  "requires": true,
  "packages": {
    "": {
      "dependencies": {
        "@rive-app/canvas": "^2.19.0"
      }
    },
    "node_modules/@rive-app/canvas": {
      "version": "2.19.0",
      "resolved": "https://registry.npmjs.org/@rive-app/canvas/-/canvas-2.19.0.tgz",
      "integrity": "sha512-LKhcLWPjeOEWuROxjZuktxZ985gxySb9TI9tqqALorlY8nvRKtW+/9wqXhGVfz11DdScw73tgM3MgmSRF6beJQ=="
    }
  }
}
